
Microsoft Visual Studio Solution File, Format Version 12.00
# Visual Studio Version 16
VisualStudioVersion = 16.0.29503.13
MinimumVisualStudioVersion = 10.0.40219.1
Project("{FAE04EC0-301F-11D3-BF4B-00C04F79EFBC}") = "GUI", "GUI\GUI.csproj", "{17250B7A-EA46-4DE4-B35D-B212E443B4A5}"
EndProject
Project("{FAE04EC0-301F-11D3-BF4B-00C04F79EFBC}") = "BLL", "BLL\BLL.csproj", "{D6282FFA-A1B9-4E66-A778-E9CF64F245E6}"
EndProject
Project("{FAE04EC0-301F-11D3-BF4B-00C04F79EFBC}") = "DAL", "DAL\DAL.csproj", "{14AC9154-527B-4123-A7B2-7CE0CD3DCC67}"
EndProject
Global
	GlobalSection(SolutionConfigurationPlatforms) = preSolution
		Debug|Any CPU = Debug|Any CPU
		Release|Any CPU = Release|Any CPU
	EndGlobalSection
	GlobalSection(ProjectConfigurationPlatforms) = postSolution
		{17250B7A-EA46-4DE4-B35D-B212E443B4A5}.Debug|Any CPU.ActiveCfg = Debug|Any CPU
		{17250B7A-EA46-4DE4-B35D-B212E443B4A5}.Debug|Any CPU.Build.0 = Debug|Any CPU
		{17250B7A-EA46-4DE4-B35D-B212E443B4A5}.Release|Any CPU.ActiveCfg = Release|Any CPU
		{17250B7A-EA46-4DE4-B35D-B212E443B4A5}.Release|Any CPU.Build.0 = Release|Any CPU
		{D6282FFA-A1B9-4E66-A778-E9CF64F245E6}.Debug|Any CPU.ActiveCfg = Debug|Any CPU
		{D6282FFA-A1B9-4E66-A778-E9CF64F245E6}.Debug|Any CPU.Build.0 = Debug|Any CPU
		{D6282FFA-A1B9-4E66-A778-E9CF64F245E6}.Release|Any CPU.ActiveCfg = Release|Any CPU
		{D6282FFA-A1B9-4E66-A778-E9CF64F245E6}.Release|Any CPU.Build.0 = Release|Any CPU
		{14AC9154-527B-4123-A7B2-7CE0CD3DCC67}.Debug|Any CPU.ActiveCfg = Debug|Any CPU
		{14AC9154-527B-4123-A7B2-7CE0CD3DCC67}.Debug|Any CPU.Build.0 = Debug|Any CPU
		{14AC9154-527B-4123-A7B2-7CE0CD3DCC67}.Release|Any CPU.ActiveCfg = Release|Any CPU
		{14AC9154-527B-4123-A7B2-7CE0CD3DCC67}.Release|Any CPU.Build.0 = Release|Any CPU
	EndGlobalSection
	GlobalSection(SolutionProperties) = preSolution
		HideSolutionNode = FALSE
	EndGlobalSection
	GlobalSection(ExtensibilityGlobals) = postSolution
		SolutionGuid = {BED6B763-D9EA-47DF-8556-15E2E067E7BC}
	EndGlobalSection
EndGlobal
